
Microsoft Visual Studio Solution File, Format Version 12.00
# Visual Studio Version 16
VisualStudioVersion = 16.0.29519.181
MinimumVisualStudioVersion = 10.0.40219.1
Project("{FAE04EC0-301F-11D3-BF4B-00C04F79EFBC}") = "Stack", "Stack\Stack.csproj", "{F54F96FF-FA30-4AE1-B243-D6A64B60626A}"
EndProject
Project("{FAE04EC0-301F-11D3-BF4B-00C04F79EFBC}") = "StackTest", "StackTest\StackTest.csproj", "{B56C5453-0CA2-47F2-83B6-606D858D83B6}"
EndProject
Global
	GlobalSection(SolutionConfigurationPlatforms) = preSolution
		Debug|Any CPU = Debug|Any CPU
		Release|Any CPU = Release|Any CPU
	EndGlobalSection
	GlobalSection(ProjectConfigurationPlatforms) = postSolution
		{F54F96FF-FA30-4AE1-B243-D6A64B60626A}.Debug|Any CPU.ActiveCfg = Debug|Any CPU
		{F54F96FF-FA30-4AE1-B243-D6A64B60626A}.Debug|Any CPU.Build.0 = Debug|Any CPU
		{F54F96FF-FA30-4AE1-B243-D6A64B60626A}.Release|Any CPU.ActiveCfg = Release|Any CPU
		{F54F96FF-FA30-4AE1-B243-D6A64B60626A}.Release|Any CPU.Build.0 = Release|Any CPU
		{B56C5453-0CA2-47F2-83B6-606D858D83B6}.Debug|Any CPU.ActiveCfg = Debug|Any CPU
		{B56C5453-0CA2-47F2-83B6-606D858D83B6}.Debug|Any CPU.Build.0 = Debug|Any CPU
		{B56C5453-0CA2-47F2-83B6-606D858D83B6}.Release|Any CPU.ActiveCfg = Release|Any CPU
		{B56C5453-0CA2-47F2-83B6-606D858D83B6}.Release|Any CPU.Build.0 = Release|Any CPU
	EndGlobalSection
	GlobalSection(SolutionProperties) = preSolution
		HideSolutionNode = FALSE
	EndGlobalSection
	GlobalSection(ExtensibilityGlobals) = postSolution
		SolutionGuid = {BC017FEC-53C6-46A2-A249-0DA49C9E0350}
	EndGlobalSection
	GlobalSection(TeamFoundationVersionControl) = preSolution
		SccNumberOfProjects = 3
		SccEnterpriseProvider = {4CA58AB2-18FA-4F8D-95D4-32DDF27D184C}
		SccTeamFoundationServer = https://tfs.auva.at/defaultcollection
		SccLocalPath0 = .
		SccProjectUniqueName1 = Stack\\Stack.csproj
		SccProjectName1 = Stack
		SccLocalPath1 = Stack
		SccProjectUniqueName2 = StackTest\\StackTest.csproj
		SccProjectName2 = StackTest
		SccLocalPath2 = StackTest
	EndGlobalSection
EndGlobal
