
Microsoft Visual Studio Solution File, Format Version 12.00
# Visual Studio Version 16
VisualStudioVersion = 16.0.29519.181
MinimumVisualStudioVersion = 10.0.40219.1
Project("{9A19103F-16F7-4668-BE54-9A1E7A4F7556}") = "Bowling", "Bowling\Bowling.csproj", "{5049895B-4101-44FC-9608-1A79480AF19A}"
EndProject
Project("{9A19103F-16F7-4668-BE54-9A1E7A4F7556}") = "Bowling.Test", "Bowling.Test\Bowling.Test.csproj", "{D69C874E-FD01-48CC-B5F7-31669CFC7555}"
EndProject
Global
	GlobalSection(SolutionConfigurationPlatforms) = preSolution
		Debug|Any CPU = Debug|Any CPU
		Release|Any CPU = Release|Any CPU
	EndGlobalSection
	GlobalSection(ProjectConfigurationPlatforms) = postSolution
		{5049895B-4101-44FC-9608-1A79480AF19A}.Debug|Any CPU.ActiveCfg = Debug|Any CPU
		{5049895B-4101-44FC-9608-1A79480AF19A}.Debug|Any CPU.Build.0 = Debug|Any CPU
		{5049895B-4101-44FC-9608-1A79480AF19A}.Release|Any CPU.ActiveCfg = Release|Any CPU
		{5049895B-4101-44FC-9608-1A79480AF19A}.Release|Any CPU.Build.0 = Release|Any CPU
		{D69C874E-FD01-48CC-B5F7-31669CFC7555}.Debug|Any CPU.ActiveCfg = Debug|Any CPU
		{D69C874E-FD01-48CC-B5F7-31669CFC7555}.Debug|Any CPU.Build.0 = Debug|Any CPU
		{D69C874E-FD01-48CC-B5F7-31669CFC7555}.Release|Any CPU.ActiveCfg = Release|Any CPU
		{D69C874E-FD01-48CC-B5F7-31669CFC7555}.Release|Any CPU.Build.0 = Release|Any CPU
	EndGlobalSection
	GlobalSection(SolutionProperties) = preSolution
		HideSolutionNode = FALSE
	EndGlobalSection
	GlobalSection(ExtensibilityGlobals) = postSolution
		SolutionGuid = {30B49A74-B50D-445A-A370-FC1A84379A26}
	EndGlobalSection
	GlobalSection(TeamFoundationVersionControl) = preSolution
		SccNumberOfProjects = 3
		SccEnterpriseProvider = {4CA58AB2-18FA-4F8D-95D4-32DDF27D184C}
		SccTeamFoundationServer = https://tfs.auva.at/defaultcollection
		SccLocalPath0 = .
		SccProjectUniqueName1 = Bowling.Test\\Bowling.Test.csproj
		SccProjectName1 = Bowling.Test
		SccLocalPath1 = Bowling.Test
		SccProjectUniqueName2 = Bowling\\Bowling.csproj
		SccProjectName2 = Bowling
		SccLocalPath2 = Bowling
	EndGlobalSection
EndGlobal
